
Microsoft Visual Studio Solution File, Format Version 12.00
# Visual Studio Version 17
VisualStudioVersion = 17.11.35222.181
MinimumVisualStudioVersion = 10.0.40219.1
Project("{FAE04EC0-301F-11D3-BF4B-00C04F79EFBC}") = "Projekt Bankkonsolapplikation", "Projekt Bankkonsolapplikation.csproj", "{353B500C-B811-47F2-8D1C-17F7F4C5B7E2}"
EndProject
Global
	GlobalSection(SolutionConfigurationPlatforms) = preSolution
		Debug|Any CPU = Debug|Any CPU
		Release|Any CPU = Release|Any CPU
	EndGlobalSection
	GlobalSection(ProjectConfigurationPlatforms) = postSolution
		{353B500C-B811-47F2-8D1C-17F7F4C5B7E2}.Debug|Any CPU.ActiveCfg = Debug|Any CPU
		{353B500C-B811-47F2-8D1C-17F7F4C5B7E2}.Debug|Any CPU.Build.0 = Debug|Any CPU
		{353B500C-B811-47F2-8D1C-17F7F4C5B7E2}.Release|Any CPU.ActiveCfg = Release|Any CPU
		{353B500C-B811-47F2-8D1C-17F7F4C5B7E2}.Release|Any CPU.Build.0 = Release|Any CPU
	EndGlobalSection
	GlobalSection(SolutionProperties) = preSolution
		HideSolutionNode = FALSE
	EndGlobalSection
	GlobalSection(ExtensibilityGlobals) = postSolution
		SolutionGuid = {1A171FBA-B0B6-4E55-A112-AC9635E597A9}
	EndGlobalSection
EndGlobal
